
Microsoft Visual Studio Solution File, Format Version 12.00
# Visual Studio Version 17
VisualStudioVersion = 17.11.35327.3
MinimumVisualStudioVersion = 10.0.40219.1
Project("{FAE04EC0-301F-11D3-BF4B-00C04F79EFBC}") = "CursoIdiomasAPI", "CursoIdiomasAPI\CursoIdiomasAPI.csproj", "{FBE82C14-D542-4106-8AEF-A996F13D3565}"
EndProject
Global
	GlobalSection(SolutionConfigurationPlatforms) = preSolution
		Debug|Any CPU = Debug|Any CPU
		Release|Any CPU = Release|Any CPU
	EndGlobalSection
	GlobalSection(ProjectConfigurationPlatforms) = postSolution
		{FBE82C14-D542-4106-8AEF-A996F13D3565}.Debug|Any CPU.ActiveCfg = Debug|Any CPU
		{FBE82C14-D542-4106-8AEF-A996F13D3565}.Debug|Any CPU.Build.0 = Debug|Any CPU
		{FBE82C14-D542-4106-8AEF-A996F13D3565}.Release|Any CPU.ActiveCfg = Release|Any CPU
		{FBE82C14-D542-4106-8AEF-A996F13D3565}.Release|Any CPU.Build.0 = Release|Any CPU
	EndGlobalSection
	GlobalSection(SolutionProperties) = preSolution
		HideSolutionNode = FALSE
	EndGlobalSection
	GlobalSection(ExtensibilityGlobals) = postSolution
		SolutionGuid = {112C6C50-8951-4473-AB34-C838EF415C81}
	EndGlobalSection
EndGlobal
